
Microsoft Visual Studio Solution File, Format Version 12.00
# Visual Studio Version 17
VisualStudioVersion = 17.11.35327.3
MinimumVisualStudioVersion = 10.0.40219.1
Project("{9A19103F-16F7-4668-BE54-9A1E7A4F7556}") = "RestaurantWebSerice", "WSRestaurant\RestaurantWebSerice.csproj", "{A0A6CF25-0694-418D-9A40-8E72FF330088}"
EndProject
Project("{9A19103F-16F7-4668-BE54-9A1E7A4F7556}") = "WebApiClient", "WebApiClient\WebApiClient.csproj", "{A2552119-E7D9-4C03-AD3F-53C9C98AE30C}"
EndProject
Project("{FAE04EC0-301F-11D3-BF4B-00C04F79EFBC}") = "RestaurantWebApplication", "RestaurantWebApp\RestaurantWebApplication.csproj", "{2E8A7376-C4E5-4FC1-B5D3-CEAB8C6D536F}"
EndProject
Project("{FAE04EC0-301F-11D3-BF4B-00C04F79EFBC}") = "Models", "LiolamResteurent\Models.csproj", "{07BA82CF-9696-4FAF-AD16-DC1BB5505CB0}"
EndProject
Project("{FAE04EC0-301F-11D3-BF4B-00C04F79EFBC}") = "RestaurantWindowsPF", "RestaurentWPF\RestaurantWindowsPF.csproj", "{8EB15487-9CA5-1D53-EB58-8D7FCD3C0C13}"
EndProject
Global
	GlobalSection(SolutionConfigurationPlatforms) = preSolution
		Debug|Any CPU = Debug|Any CPU
		Release|Any CPU = Release|Any CPU
	EndGlobalSection
	GlobalSection(ProjectConfigurationPlatforms) = postSolution
		{A0A6CF25-0694-418D-9A40-8E72FF330088}.Debug|Any CPU.ActiveCfg = Debug|Any CPU
		{A0A6CF25-0694-418D-9A40-8E72FF330088}.Debug|Any CPU.Build.0 = Debug|Any CPU
		{A0A6CF25-0694-418D-9A40-8E72FF330088}.Release|Any CPU.ActiveCfg = Release|Any CPU
		{A0A6CF25-0694-418D-9A40-8E72FF330088}.Release|Any CPU.Build.0 = Release|Any CPU
		{A2552119-E7D9-4C03-AD3F-53C9C98AE30C}.Debug|Any CPU.ActiveCfg = Debug|Any CPU
		{A2552119-E7D9-4C03-AD3F-53C9C98AE30C}.Debug|Any CPU.Build.0 = Debug|Any CPU
		{A2552119-E7D9-4C03-AD3F-53C9C98AE30C}.Release|Any CPU.ActiveCfg = Release|Any CPU
		{A2552119-E7D9-4C03-AD3F-53C9C98AE30C}.Release|Any CPU.Build.0 = Release|Any CPU
		{2E8A7376-C4E5-4FC1-B5D3-CEAB8C6D536F}.Debug|Any CPU.ActiveCfg = Debug|Any CPU
		{2E8A7376-C4E5-4FC1-B5D3-CEAB8C6D536F}.Debug|Any CPU.Build.0 = Debug|Any CPU
		{2E8A7376-C4E5-4FC1-B5D3-CEAB8C6D536F}.Release|Any CPU.ActiveCfg = Release|Any CPU
		{2E8A7376-C4E5-4FC1-B5D3-CEAB8C6D536F}.Release|Any CPU.Build.0 = Release|Any CPU
		{07BA82CF-9696-4FAF-AD16-DC1BB5505CB0}.Debug|Any CPU.ActiveCfg = Debug|Any CPU
		{07BA82CF-9696-4FAF-AD16-DC1BB5505CB0}.Debug|Any CPU.Build.0 = Debug|Any CPU
		{07BA82CF-9696-4FAF-AD16-DC1BB5505CB0}.Release|Any CPU.ActiveCfg = Release|Any CPU
		{07BA82CF-9696-4FAF-AD16-DC1BB5505CB0}.Release|Any CPU.Build.0 = Release|Any CPU
		{8EB15487-9CA5-1D53-EB58-8D7FCD3C0C13}.Debug|Any CPU.ActiveCfg = Debug|Any CPU
		{8EB15487-9CA5-1D53-EB58-8D7FCD3C0C13}.Debug|Any CPU.Build.0 = Debug|Any CPU
		{8EB15487-9CA5-1D53-EB58-8D7FCD3C0C13}.Release|Any CPU.ActiveCfg = Release|Any CPU
		{8EB15487-9CA5-1D53-EB58-8D7FCD3C0C13}.Release|Any CPU.Build.0 = Release|Any CPU
	EndGlobalSection
	GlobalSection(SolutionProperties) = preSolution
		HideSolutionNode = FALSE
	EndGlobalSection
	GlobalSection(ExtensibilityGlobals) = postSolution
		SolutionGuid = {B8FC19C6-02E7-44B0-AC79-1549103C0B74}
	EndGlobalSection
EndGlobal
